// !$*UTF8*$!
{
	archiveVersion = 1;
	classes = {
	};
	objectVersion = 51;
	objects = {

/* Begin PBXBuildFile section */
		6DF3A1D09DEF163AC55384CF /* Pods_RxTodoAppTests.framework in Frameworks */ = {isa = PBXBuildFile; fileRef = 83FCF916A1EBEFA30991E8D8 /* Pods_RxTodoAppTests.framework */; };
		9792B3AB54C1EF0BECDD2F6B /* Pods_RxTodoApp_RxTodoAppUITests.framework in Frameworks */ = {isa = PBXBuildFile; fileRef = BF3B29DB80DE48C3B8548F36 /* Pods_RxTodoApp_RxTodoAppUITests.framework */; };
		C3C075275D331AADDFEC46E4 /* Pods_RxTodoApp.framework in Frameworks */ = {isa = PBXBuildFile; fileRef = BF470425E07D311DE9F1C3AE /* Pods_RxTodoApp.framework */; };
		C7287B3C23C89DD200D8B937 /* GoogleService-Info.plist in Resources */ = {isa = PBXBuildFile; fileRef = C7287B3B23C89DD200D8B937 /* GoogleService-Info.plist */; };
		C7287B3F23C8A19900D8B937 /* ActivityIndicator.swift in Sources */ = {isa = PBXBuildFile; fileRef = C7287B3E23C8A19900D8B937 /* ActivityIndicator.swift */; };
		C73F12F923C77928009853E4 /* AppDelegate.swift in Sources */ = {isa = PBXBuildFile; fileRef = C73F12F823C77928009853E4 /* AppDelegate.swift */; };
		C73F12FB23C77928009853E4 /* SceneDelegate.swift in Sources */ = {isa = PBXBuildFile; fileRef = C73F12FA23C77928009853E4 /* SceneDelegate.swift */; };
		C73F12FD23C77928009853E4 /* ListViewController.swift in Sources */ = {isa = PBXBuildFile; fileRef = C73F12FC23C77928009853E4 /* ListViewController.swift */; };
		C73F130023C77928009853E4 /* Main.storyboard in Resources */ = {isa = PBXBuildFile; fileRef = C73F12FE23C77928009853E4 /* Main.storyboard */; };
		C73F130223C7792A009853E4 /* Assets.xcassets in Resources */ = {isa = PBXBuildFile; fileRef = C73F130123C7792A009853E4 /* Assets.xcassets */; };
		C73F130523C7792A009853E4 /* LaunchScreen.storyboard in Resources */ = {isa = PBXBuildFile; fileRef = C73F130323C7792A009853E4 /* LaunchScreen.storyboard */; };
		C73F131023C7792A009853E4 /* RxTodoAppTests.swift in Sources */ = {isa = PBXBuildFile; fileRef = C73F130F23C7792A009853E4 /* RxTodoAppTests.swift */; };
		C73F131B23C7792A009853E4 /* RxTodoAppUITests.swift in Sources */ = {isa = PBXBuildFile; fileRef = C73F131A23C7792A009853E4 /* RxTodoAppUITests.swift */; };
		C74F0A0D23D0148E00A59CED /* ListViewModel.swift in Sources */ = {isa = PBXBuildFile; fileRef = C74F0A0C23D0148E00A59CED /* ListViewModel.swift */; };
		C74F0A1023D031C700A59CED /* ViewModelType.swift in Sources */ = {isa = PBXBuildFile; fileRef = C74F0A0F23D031C700A59CED /* ViewModelType.swift */; };
		C7630AB123D0BD7B00779FE4 /* ListNavigator.swift in Sources */ = {isa = PBXBuildFile; fileRef = C7630AB023D0BD7B00779FE4 /* ListNavigator.swift */; };
		C769258823CC9331005EE862 /* AuthModel.swift in Sources */ = {isa = PBXBuildFile; fileRef = C769258723CC9330005EE862 /* AuthModel.swift */; };
		C769258A23CC93E1005EE862 /* User.swift in Sources */ = {isa = PBXBuildFile; fileRef = C769258923CC93E1005EE862 /* User.swift */; };
		C769258D23CC974A005EE862 /* LoginViewController.swift in Sources */ = {isa = PBXBuildFile; fileRef = C769258C23CC974A005EE862 /* LoginViewController.swift */; };
		C7820A4B23C896A600982B9C /* Post.swift in Sources */ = {isa = PBXBuildFile; fileRef = C7820A4A23C896A600982B9C /* Post.swift */; };
		C7820A4E23C8982900982B9C /* PostModel.swift in Sources */ = {isa = PBXBuildFile; fileRef = C7820A4D23C8982900982B9C /* PostModel.swift */; };
		C7C5DAEB23D0D376003A2AE8 /* SVProgressHUD+Ext.swift in Sources */ = {isa = PBXBuildFile; fileRef = C7C5DAEA23D0D376003A2AE8 /* SVProgressHUD+Ext.swift */; };
		C7C5DAED23D0EA09003A2AE8 /* ViewController.swift in Sources */ = {isa = PBXBuildFile; fileRef = C7C5DAEC23D0EA09003A2AE8 /* ViewController.swift */; };
		C7C5DAEF23D0EA3C003A2AE8 /* ViewModel.swift in Sources */ = {isa = PBXBuildFile; fileRef = C7C5DAEE23D0EA3C003A2AE8 /* ViewModel.swift */; };
		C7C5DAF123D18D3F003A2AE8 /* Observable+Ext.swift in Sources */ = {isa = PBXBuildFile; fileRef = C7C5DAF023D18D3F003A2AE8 /* Observable+Ext.swift */; };
/* End PBXBuildFile section */

/* Begin PBXContainerItemProxy section */
		C73F130C23C7792A009853E4 /* PBXContainerItemProxy */ = {
			isa = PBXContainerItemProxy;
			containerPortal = C73F12ED23C77928009853E4 /* Project object */;
			proxyType = 1;
			remoteGlobalIDString = C73F12F423C77928009853E4;
			remoteInfo = RxTodoApp;
		};
		C73F131723C7792A009853E4 /* PBXContainerItemProxy */ = {
			isa = PBXContainerItemProxy;
			containerPortal = C73F12ED23C77928009853E4 /* Project object */;
			proxyType = 1;
			remoteGlobalIDString = C73F12F423C77928009853E4;
			remoteInfo = RxTodoApp;
		};
/* End PBXContainerItemProxy section */

/* Begin PBXFileReference section */
		1C79168E62369F92559ADD5D /* Pods-RxTodoAppTests.debug.xcconfig */ = {isa = PBXFileReference; includeInIndex = 1; lastKnownFileType = text.xcconfig; name = "Pods-RxTodoAppTests.debug.xcconfig"; path = "Target Support Files/Pods-RxTodoAppTests/Pods-RxTodoAppTests.debug.xcconfig"; sourceTree = "<group>"; };
		83FCF916A1EBEFA30991E8D8 /* Pods_RxTodoAppTests.framework */ = {isa = PBXFileReference; explicitFileType = wrapper.framework; includeInIndex = 0; path = Pods_RxTodoAppTests.framework; sourceTree = BUILT_PRODUCTS_DIR; };
		B310E27B95AB04CF9DD6F2C2 /* Pods-RxTodoApp.release.xcconfig */ = {isa = PBXFileReference; includeInIndex = 1; lastKnownFileType = text.xcconfig; name = "Pods-RxTodoApp.release.xcconfig"; path = "Target Support Files/Pods-RxTodoApp/Pods-RxTodoApp.release.xcconfig"; sourceTree = "<group>"; };
		BF3B29DB80DE48C3B8548F36 /* Pods_RxTodoApp_RxTodoAppUITests.framework */ = {isa = PBXFileReference; explicitFileType = wrapper.framework; includeInIndex = 0; path = Pods_RxTodoApp_RxTodoAppUITests.framework; sourceTree = BUILT_PRODUCTS_DIR; };
		BF470425E07D311DE9F1C3AE /* Pods_RxTodoApp.framework */ = {isa = PBXFileReference; explicitFileType = wrapper.framework; includeInIndex = 0; path = Pods_RxTodoApp.framework; sourceTree = BUILT_PRODUCTS_DIR; };
		C7287B3B23C89DD200D8B937 /* GoogleService-Info.plist */ = {isa = PBXFileReference; fileEncoding = 4; lastKnownFileType = text.plist.xml; path = "GoogleService-Info.plist"; sourceTree = "<group>"; };
		C7287B3E23C8A19900D8B937 /* ActivityIndicator.swift */ = {isa = PBXFileReference; lastKnownFileType = sourcecode.swift; path = ActivityIndicator.swift; sourceTree = "<group>"; };
		C73F12F523C77928009853E4 /* RxTodoApp.app */ = {isa = PBXFileReference; explicitFileType = wrapper.application; includeInIndex = 0; path = RxTodoApp.app; sourceTree = BUILT_PRODUCTS_DIR; };
		C73F12F823C77928009853E4 /* AppDelegate.swift */ = {isa = PBXFileReference; lastKnownFileType = sourcecode.swift; path = AppDelegate.swift; sourceTree = "<group>"; };
		C73F12FA23C77928009853E4 /* SceneDelegate.swift */ = {isa = PBXFileReference; lastKnownFileType = sourcecode.swift; path = SceneDelegate.swift; sourceTree = "<group>"; };
		C73F12FC23C77928009853E4 /* ListViewController.swift */ = {isa = PBXFileReference; lastKnownFileType = sourcecode.swift; path = ListViewController.swift; sourceTree = "<group>"; };
		C73F12FF23C77928009853E4 /* Base */ = {isa = PBXFileReference; lastKnownFileType = file.storyboard; name = Base; path = Base.lproj/Main.storyboard; sourceTree = "<group>"; };
		C73F130123C7792A009853E4 /* Assets.xcassets */ = {isa = PBXFileReference; lastKnownFileType = folder.assetcatalog; path = Assets.xcassets; sourceTree = "<group>"; };
		C73F130423C7792A009853E4 /* Base */ = {isa = PBXFileReference; lastKnownFileType = file.storyboard; name = Base; path = Base.lproj/LaunchScreen.storyboard; sourceTree = "<group>"; };
		C73F130623C7792A009853E4 /* Info.plist */ = {isa = PBXFileReference; lastKnownFileType = text.plist.xml; path = Info.plist; sourceTree = "<group>"; };
		C73F130B23C7792A009853E4 /* RxTodoAppTests.xctest */ = {isa = PBXFileReference; explicitFileType = wrapper.cfbundle; includeInIndex = 0; path = RxTodoAppTests.xctest; sourceTree = BUILT_PRODUCTS_DIR; };
		C73F130F23C7792A009853E4 /* RxTodoAppTests.swift */ = {isa = PBXFileReference; lastKnownFileType = sourcecode.swift; path = RxTodoAppTests.swift; sourceTree = "<group>"; };
		C73F131123C7792A009853E4 /* Info.plist */ = {isa = PBXFileReference; lastKnownFileType = text.plist.xml; path = Info.plist; sourceTree = "<group>"; };
		C73F131623C7792A009853E4 /* RxTodoAppUITests.xctest */ = {isa = PBXFileReference; explicitFileType = wrapper.cfbundle; includeInIndex = 0; path = RxTodoAppUITests.xctest; sourceTree = BUILT_PRODUCTS_DIR; };
		C73F131A23C7792A009853E4 /* RxTodoAppUITests.swift */ = {isa = PBXFileReference; lastKnownFileType = sourcecode.swift; path = RxTodoAppUITests.swift; sourceTree = "<group>"; };
		C73F131C23C7792A009853E4 /* Info.plist */ = {isa = PBXFileReference; lastKnownFileType = text.plist.xml; path = Info.plist; sourceTree = "<group>"; };
		C74F0A0C23D0148E00A59CED /* ListViewModel.swift */ = {isa = PBXFileReference; lastKnownFileType = sourcecode.swift; path = ListViewModel.swift; sourceTree = "<group>"; };
		C74F0A0F23D031C700A59CED /* ViewModelType.swift */ = {isa = PBXFileReference; lastKnownFileType = sourcecode.swift; path = ViewModelType.swift; sourceTree = "<group>"; };
		C7630AB023D0BD7B00779FE4 /* ListNavigator.swift */ = {isa = PBXFileReference; lastKnownFileType = sourcecode.swift; path = ListNavigator.swift; sourceTree = "<group>"; };
		C769258723CC9330005EE862 /* AuthModel.swift */ = {isa = PBXFileReference; lastKnownFileType = sourcecode.swift; path = AuthModel.swift; sourceTree = "<group>"; };
		C769258923CC93E1005EE862 /* User.swift */ = {isa = PBXFileReference; lastKnownFileType = sourcecode.swift; path = User.swift; sourceTree = "<group>"; };
		C769258C23CC974A005EE862 /* LoginViewController.swift */ = {isa = PBXFileReference; lastKnownFileType = sourcecode.swift; path = LoginViewController.swift; sourceTree = "<group>"; };
		C7820A4A23C896A600982B9C /* Post.swift */ = {isa = PBXFileReference; lastKnownFileType = sourcecode.swift; path = Post.swift; sourceTree = "<group>"; };
		C7820A4D23C8982900982B9C /* PostModel.swift */ = {isa = PBXFileReference; lastKnownFileType = sourcecode.swift; path = PostModel.swift; sourceTree = "<group>"; };
		C7C5DAEA23D0D376003A2AE8 /* SVProgressHUD+Ext.swift */ = {isa = PBXFileReference; lastKnownFileType = sourcecode.swift; path = "SVProgressHUD+Ext.swift"; sourceTree = "<group>"; };
		C7C5DAEC23D0EA09003A2AE8 /* ViewController.swift */ = {isa = PBXFileReference; lastKnownFileType = sourcecode.swift; path = ViewController.swift; sourceTree = "<group>"; };
		C7C5DAEE23D0EA3C003A2AE8 /* ViewModel.swift */ = {isa = PBXFileReference; lastKnownFileType = sourcecode.swift; path = ViewModel.swift; sourceTree = "<group>"; };
		C7C5DAF023D18D3F003A2AE8 /* Observable+Ext.swift */ = {isa = PBXFileReference; lastKnownFileType = sourcecode.swift; path = "Observable+Ext.swift"; sourceTree = "<group>"; };
		D0BA77BBF5C69F8211E44985 /* Pods-RxTodoApp.debug.xcconfig */ = {isa = PBXFileReference; includeInIndex = 1; lastKnownFileType = text.xcconfig; name = "Pods-RxTodoApp.debug.xcconfig"; path = "Target Support Files/Pods-RxTodoApp/Pods-RxTodoApp.debug.xcconfig"; sourceTree = "<group>"; };
		D17841D8E4D0B21AB5FF50AB /* Pods-RxTodoApp-RxTodoAppUITests.debug.xcconfig */ = {isa = PBXFileReference; includeInIndex = 1; lastKnownFileType = text.xcconfig; name = "Pods-RxTodoApp-RxTodoAppUITests.debug.xcconfig"; path = "Target Support Files/Pods-RxTodoApp-RxTodoAppUITests/Pods-RxTodoApp-RxTodoAppUITests.debug.xcconfig"; sourceTree = "<group>"; };
		DF3C49867752FFC6CABEBC60 /* Pods-RxTodoApp-RxTodoAppUITests.release.xcconfig */ = {isa = PBXFileReference; includeInIndex = 1; lastKnownFileType = text.xcconfig; name = "Pods-RxTodoApp-RxTodoAppUITests.release.xcconfig"; path = "Target Support Files/Pods-RxTodoApp-RxTodoAppUITests/Pods-RxTodoApp-RxTodoAppUITests.release.xcconfig"; sourceTree = "<group>"; };
		F359A651C3273094F70D0D33 /* Pods-RxTodoAppTests.release.xcconfig */ = {isa = PBXFileReference; includeInIndex = 1; lastKnownFileType = text.xcconfig; name = "Pods-RxTodoAppTests.release.xcconfig"; path = "Target Support Files/Pods-RxTodoAppTests/Pods-RxTodoAppTests.release.xcconfig"; sourceTree = "<group>"; };
/* End PBXFileReference section */

/* Begin PBXFrameworksBuildPhase section */
		C73F12F223C77928009853E4 /* Frameworks */ = {
			isa = PBXFrameworksBuildPhase;
			buildActionMask = 2147483647;
			files = (
				C3C075275D331AADDFEC46E4 /* Pods_RxTodoApp.framework in Frameworks */,
			);
			runOnlyForDeploymentPostprocessing = 0;
		};
		C73F130823C7792A009853E4 /* Frameworks */ = {
			isa = PBXFrameworksBuildPhase;
			buildActionMask = 2147483647;
			files = (
				6DF3A1D09DEF163AC55384CF /* Pods_RxTodoAppTests.framework in Frameworks */,
			);
			runOnlyForDeploymentPostprocessing = 0;
		};
		C73F131323C7792A009853E4 /* Frameworks */ = {
			isa = PBXFrameworksBuildPhase;
			buildActionMask = 2147483647;
			files = (
				9792B3AB54C1EF0BECDD2F6B /* Pods_RxTodoApp_RxTodoAppUITests.framework in Frameworks */,
			);
			runOnlyForDeploymentPostprocessing = 0;
		};
/* End PBXFrameworksBuildPhase section */

/* Begin PBXGroup section */
		C164373B2FAC81935709F55F /* Pods */ = {
			isa = PBXGroup;
			children = (
				D0BA77BBF5C69F8211E44985 /* Pods-RxTodoApp.debug.xcconfig */,
				B310E27B95AB04CF9DD6F2C2 /* Pods-RxTodoApp.release.xcconfig */,
				D17841D8E4D0B21AB5FF50AB /* Pods-RxTodoApp-RxTodoAppUITests.debug.xcconfig */,
				DF3C49867752FFC6CABEBC60 /* Pods-RxTodoApp-RxTodoAppUITests.release.xcconfig */,
				1C79168E62369F92559ADD5D /* Pods-RxTodoAppTests.debug.xcconfig */,
				F359A651C3273094F70D0D33 /* Pods-RxTodoAppTests.release.xcconfig */,
			);
			path = Pods;
			sourceTree = "<group>";
		};
		C7287B3D23C8A15000D8B937 /* Utilities */ = {
			isa = PBXGroup;
			children = (
				C7287B3E23C8A19900D8B937 /* ActivityIndicator.swift */,
				C7C5DAEA23D0D376003A2AE8 /* SVProgressHUD+Ext.swift */,
				C7C5DAF023D18D3F003A2AE8 /* Observable+Ext.swift */,
			);
			path = Utilities;
			sourceTree = "<group>";
		};
		C73F12EC23C77928009853E4 = {
			isa = PBXGroup;
			children = (
				C73F12F723C77928009853E4 /* RxTodoApp */,
				C73F130E23C7792A009853E4 /* RxTodoAppTests */,
				C73F131923C7792A009853E4 /* RxTodoAppUITests */,
				C73F12F623C77928009853E4 /* Products */,
				C164373B2FAC81935709F55F /* Pods */,
				D0A46511E84135CF4A8002A9 /* Frameworks */,
			);
			sourceTree = "<group>";
		};
		C73F12F623C77928009853E4 /* Products */ = {
			isa = PBXGroup;
			children = (
				C73F12F523C77928009853E4 /* RxTodoApp.app */,
				C73F130B23C7792A009853E4 /* RxTodoAppTests.xctest */,
				C73F131623C7792A009853E4 /* RxTodoAppUITests.xctest */,
			);
			name = Products;
			sourceTree = "<group>";
		};
		C73F12F723C77928009853E4 /* RxTodoApp */ = {
			isa = PBXGroup;
			children = (
				C7630AAF23D0BD6400779FE4 /* Navigators */,
				C769258B23CC9709005EE862 /* Views */,
				C74F0A0E23D0318E00A59CED /* ViewModel */,
				C7820A4C23C8980E00982B9C /* Model */,
				C7820A4923C8968F00982B9C /* Entity */,
				C7287B3D23C8A15000D8B937 /* Utilities */,
				C73F12F823C77928009853E4 /* AppDelegate.swift */,
				C73F12FA23C77928009853E4 /* SceneDelegate.swift */,
				C73F12FE23C77928009853E4 /* Main.storyboard */,
				C73F130123C7792A009853E4 /* Assets.xcassets */,
				C73F130323C7792A009853E4 /* LaunchScreen.storyboard */,
				C73F130623C7792A009853E4 /* Info.plist */,
				C7287B3B23C89DD200D8B937 /* GoogleService-Info.plist */,
			);
			path = RxTodoApp;
			sourceTree = "<group>";
		};
		C73F130E23C7792A009853E4 /* RxTodoAppTests */ = {
			isa = PBXGroup;
			children = (
				C73F130F23C7792A009853E4 /* RxTodoAppTests.swift */,
				C73F131123C7792A009853E4 /* Info.plist */,
			);
			path = RxTodoAppTests;
			sourceTree = "<group>";
		};
		C73F131923C7792A009853E4 /* RxTodoAppUITests */ = {
			isa = PBXGroup;
			children = (
				C73F131A23C7792A009853E4 /* RxTodoAppUITests.swift */,
				C73F131C23C7792A009853E4 /* Info.plist */,
			);
			path = RxTodoAppUITests;
			sourceTree = "<group>";
		};
		C74F0A0E23D0318E00A59CED /* ViewModel */ = {
			isa = PBXGroup;
			children = (
				C74F0A0C23D0148E00A59CED /* ListViewModel.swift */,
				C7C5DAEE23D0EA3C003A2AE8 /* ViewModel.swift */,
				C74F0A0F23D031C700A59CED /* ViewModelType.swift */,
			);
			path = ViewModel;
			sourceTree = "<group>";
		};
		C7630AAF23D0BD6400779FE4 /* Navigators */ = {
			isa = PBXGroup;
			children = (
				C7630AB023D0BD7B00779FE4 /* ListNavigator.swift */,
			);
			path = Navigators;
			sourceTree = "<group>";
		};
		C769258B23CC9709005EE862 /* Views */ = {
			isa = PBXGroup;
			children = (
				C73F12FC23C77928009853E4 /* ListViewController.swift */,
				C769258C23CC974A005EE862 /* LoginViewController.swift */,
				C7C5DAEC23D0EA09003A2AE8 /* ViewController.swift */,
			);
			path = Views;
			sourceTree = "<group>";
		};
		C7820A4923C8968F00982B9C /* Entity */ = {
			isa = PBXGroup;
			children = (
				C7820A4A23C896A600982B9C /* Post.swift */,
				C769258923CC93E1005EE862 /* User.swift */,
			);
			path = Entity;
			sourceTree = "<group>";
		};
		C7820A4C23C8980E00982B9C /* Model */ = {
			isa = PBXGroup;
			children = (
				C7820A4D23C8982900982B9C /* PostModel.swift */,
				C769258723CC9330005EE862 /* AuthModel.swift */,
			);
			path = Model;
			sourceTree = "<group>";
		};
		D0A46511E84135CF4A8002A9 /* Frameworks */ = {
			isa = PBXGroup;
			children = (
				BF470425E07D311DE9F1C3AE /* Pods_RxTodoApp.framework */,
				BF3B29DB80DE48C3B8548F36 /* Pods_RxTodoApp_RxTodoAppUITests.framework */,
				83FCF916A1EBEFA30991E8D8 /* Pods_RxTodoAppTests.framework */,
			);
			name = Frameworks;
			sourceTree = "<group>";
		};
/* End PBXGroup section */

/* Begin PBXNativeTarget section */
		C73F12F423C77928009853E4 /* RxTodoApp */ = {
			isa = PBXNativeTarget;
			buildConfigurationList = C73F131F23C7792A009853E4 /* Build configuration list for PBXNativeTarget "RxTodoApp" */;
			buildPhases = (
				AAADCA29E23CB73882FC4976 /* [CP] Check Pods Manifest.lock */,
				C73F12F123C77928009853E4 /* Sources */,
				C73F12F223C77928009853E4 /* Frameworks */,
				C73F12F323C77928009853E4 /* Resources */,
				D97A06FCDC071C0F9567D61F /* [CP] Embed Pods Frameworks */,
			);
			buildRules = (
			);
			dependencies = (
			);
			name = RxTodoApp;
			productName = RxTodoApp;
			productReference = C73F12F523C77928009853E4 /* RxTodoApp.app */;
			productType = "com.apple.product-type.application";
		};
		C73F130A23C7792A009853E4 /* RxTodoAppTests */ = {
			isa = PBXNativeTarget;
			buildConfigurationList = C73F132223C7792A009853E4 /* Build configuration list for PBXNativeTarget "RxTodoAppTests" */;
			buildPhases = (
				E20C53DC241455FC54F78D99 /* [CP] Check Pods Manifest.lock */,
				C73F130723C7792A009853E4 /* Sources */,
				C73F130823C7792A009853E4 /* Frameworks */,
				C73F130923C7792A009853E4 /* Resources */,
			);
			buildRules = (
			);
			dependencies = (
				C73F130D23C7792A009853E4 /* PBXTargetDependency */,
			);
			name = RxTodoAppTests;
			productName = RxTodoAppTests;
			productReference = C73F130B23C7792A009853E4 /* RxTodoAppTests.xctest */;
			productType = "com.apple.product-type.bundle.unit-test";
		};
		C73F131523C7792A009853E4 /* RxTodoAppUITests */ = {
			isa = PBXNativeTarget;
			buildConfigurationList = C73F132523C7792A009853E4 /* Build configuration list for PBXNativeTarget "RxTodoAppUITests" */;
			buildPhases = (
				6404519029AFFA0078EC264D /* [CP] Check Pods Manifest.lock */,
				C73F131223C7792A009853E4 /* Sources */,
				C73F131323C7792A009853E4 /* Frameworks */,
				C73F131423C7792A009853E4 /* Resources */,
				0B546B6DE36F7AC359CAE0FE /* [CP] Embed Pods Frameworks */,
			);
			buildRules = (
			);
			dependencies = (
				C73F131823C7792A009853E4 /* PBXTargetDependency */,
			);
			name = RxTodoAppUITests;
			productName = RxTodoAppUITests;
			productReference = C73F131623C7792A009853E4 /* RxTodoAppUITests.xctest */;
			productType = "com.apple.product-type.bundle.ui-testing";
		};
/* End PBXNativeTarget section */

/* Begin PBXProject section */
		C73F12ED23C77928009853E4 /* Project object */ = {
			isa = PBXProject;
			attributes = {
				LastSwiftUpdateCheck = 1130;
				LastUpgradeCheck = 1130;
				ORGANIZATIONNAME = "Hikaru Otaki";
				TargetAttributes = {
					C73F12F423C77928009853E4 = {
						CreatedOnToolsVersion = 11.3;
					};
					C73F130A23C7792A009853E4 = {
						CreatedOnToolsVersion = 11.3;
						TestTargetID = C73F12F423C77928009853E4;
					};
					C73F131523C7792A009853E4 = {
						CreatedOnToolsVersion = 11.3;
						TestTargetID = C73F12F423C77928009853E4;
					};
				};
			};
			buildConfigurationList = C73F12F023C77928009853E4 /* Build configuration list for PBXProject "RxTodoApp" */;
			compatibilityVersion = "Xcode 9.3";
			developmentRegion = en;
			hasScannedForEncodings = 0;
			knownRegions = (
				en,
				Base,
			);
			mainGroup = C73F12EC23C77928009853E4;
			productRefGroup = C73F12F623C77928009853E4 /* Products */;
			projectDirPath = "";
			projectRoot = "";
			targets = (
				C73F12F423C77928009853E4 /* RxTodoApp */,
				C73F130A23C7792A009853E4 /* RxTodoAppTests */,
				C73F131523C7792A009853E4 /* RxTodoAppUITests */,
			);
		};
/* End PBXProject section */

/* Begin PBXResourcesBuildPhase section */
		C73F12F323C77928009853E4 /* Resources */ = {
			isa = PBXResourcesBuildPhase;
			buildActionMask = 2147483647;
			files = (
				C73F130523C7792A009853E4 /* LaunchScreen.storyboard in Resources */,
				C7287B3C23C89DD200D8B937 /* GoogleService-Info.plist in Resources */,
				C73F130223C7792A009853E4 /* Assets.xcassets in Resources */,
				C73F130023C77928009853E4 /* Main.storyboard in Resources */,
			);
			runOnlyForDeploymentPostprocessing = 0;
		};
		C73F130923C7792A009853E4 /* Resources */ = {
			isa = PBXResourcesBuildPhase;
			buildActionMask = 2147483647;
			files = (
			);
			runOnlyForDeploymentPostprocessing = 0;
		};
		C73F131423C7792A009853E4 /* Resources */ = {
			isa = PBXResourcesBuildPhase;
			buildActionMask = 2147483647;
			files = (
			);
			runOnlyForDeploymentPostprocessing = 0;
		};
/* End PBXResourcesBuildPhase section */

/* Begin PBXShellScriptBuildPhase section */
		0B546B6DE36F7AC359CAE0FE /* [CP] Embed Pods Frameworks */ = {
			isa = PBXShellScriptBuildPhase;
			buildActionMask = 2147483647;
			files = (
			);
			inputFileListPaths = (
				"${PODS_ROOT}/Target Support Files/Pods-RxTodoApp-RxTodoAppUITests/Pods-RxTodoApp-RxTodoAppUITests-frameworks-${CONFIGURATION}-input-files.xcfilelist",
			);
			name = "[CP] Embed Pods Frameworks";
			outputFileListPaths = (
				"${PODS_ROOT}/Target Support Files/Pods-RxTodoApp-RxTodoAppUITests/Pods-RxTodoApp-RxTodoAppUITests-frameworks-${CONFIGURATION}-output-files.xcfilelist",
			);
			runOnlyForDeploymentPostprocessing = 0;
			shellPath = /bin/sh;
			shellScript = "\"${PODS_ROOT}/Target Support Files/Pods-RxTodoApp-RxTodoAppUITests/Pods-RxTodoApp-RxTodoAppUITests-frameworks.sh\"\n";
			showEnvVarsInLog = 0;
		};
		6404519029AFFA0078EC264D /* [CP] Check Pods Manifest.lock */ = {
			isa = PBXShellScriptBuildPhase;
			buildActionMask = 2147483647;
			files = (
			);
			inputFileListPaths = (
			);
			inputPaths = (
				"${PODS_PODFILE_DIR_PATH}/Podfile.lock",
				"${PODS_ROOT}/Manifest.lock",
			);
			name = "[CP] Check Pods Manifest.lock";
			outputFileListPaths = (
			);
			outputPaths = (
				"$(DERIVED_FILE_DIR)/Pods-RxTodoApp-RxTodoAppUITests-checkManifestLockResult.txt",
			);
			runOnlyForDeploymentPostprocessing = 0;
			shellPath = /bin/sh;
			shellScript = "diff \"${PODS_PODFILE_DIR_PATH}/Podfile.lock\" \"${PODS_ROOT}/Manifest.lock\" > /dev/null\nif [ $? != 0 ] ; then\n    # print error to STDERR\n    echo \"error: The sandbox is not in sync with the Podfile.lock. Run 'pod install' or update your CocoaPods installation.\" >&2\n    exit 1\nfi\n# This output is used by Xcode 'outputs' to avoid re-running this script phase.\necho \"SUCCESS\" > \"${SCRIPT_OUTPUT_FILE_0}\"\n";
			showEnvVarsInLog = 0;
		};
		AAADCA29E23CB73882FC4976 /* [CP] Check Pods Manifest.lock */ = {
			isa = PBXShellScriptBuildPhase;
			buildActionMask = 2147483647;
			files = (
			);
			inputFileListPaths = (
			);
			inputPaths = (
				"${PODS_PODFILE_DIR_PATH}/Podfile.lock",
				"${PODS_ROOT}/Manifest.lock",
			);
			name = "[CP] Check Pods Manifest.lock";
			outputFileListPaths = (
			);
			outputPaths = (
				"$(DERIVED_FILE_DIR)/Pods-RxTodoApp-checkManifestLockResult.txt",
			);
			runOnlyForDeploymentPostprocessing = 0;
			shellPath = /bin/sh;
			shellScript = "diff \"${PODS_PODFILE_DIR_PATH}/Podfile.lock\" \"${PODS_ROOT}/Manifest.lock\" > /dev/null\nif [ $? != 0 ] ; then\n    # print error to STDERR\n    echo \"error: The sandbox is not in sync with the Podfile.lock. Run 'pod install' or update your CocoaPods installation.\" >&2\n    exit 1\nfi\n# This output is used by Xcode 'outputs' to avoid re-running this script phase.\necho \"SUCCESS\" > \"${SCRIPT_OUTPUT_FILE_0}\"\n";
			showEnvVarsInLog = 0;
		};
		D97A06FCDC071C0F9567D61F /* [CP] Embed Pods Frameworks */ = {
			isa = PBXShellScriptBuildPhase;
			buildActionMask = 2147483647;
			files = (
			);
			inputFileListPaths = (
				"${PODS_ROOT}/Target Support Files/Pods-RxTodoApp/Pods-RxTodoApp-frameworks-${CONFIGURATION}-input-files.xcfilelist",
			);
			name = "[CP] Embed Pods Frameworks";
			outputFileListPaths = (
				"${PODS_ROOT}/Target Support Files/Pods-RxTodoApp/Pods-RxTodoApp-frameworks-${CONFIGURATION}-output-files.xcfilelist",
			);
			runOnlyForDeploymentPostprocessing = 0;
			shellPath = /bin/sh;
			shellScript = "\"${PODS_ROOT}/Target Support Files/Pods-RxTodoApp/Pods-RxTodoApp-frameworks.sh\"\n";
			showEnvVarsInLog = 0;
		};
		E20C53DC241455FC54F78D99 /* [CP] Check Pods Manifest.lock */ = {
			isa = PBXShellScriptBuildPhase;
			buildActionMask = 2147483647;
			files = (
			);
			inputFileListPaths = (
			);
			inputPaths = (
				"${PODS_PODFILE_DIR_PATH}/Podfile.lock",
				"${PODS_ROOT}/Manifest.lock",
			);
			name = "[CP] Check Pods Manifest.lock";
			outputFileListPaths = (
			);
			outputPaths = (
				"$(DERIVED_FILE_DIR)/Pods-RxTodoAppTests-checkManifestLockResult.txt",
			);
			runOnlyForDeploymentPostprocessing = 0;
			shellPath = /bin/sh;
			shellScript = "diff \"${PODS_PODFILE_DIR_PATH}/Podfile.lock\" \"${PODS_ROOT}/Manifest.lock\" > /dev/null\nif [ $? != 0 ] ; then\n    # print error to STDERR\n    echo \"error: The sandbox is not in sync with the Podfile.lock. Run 'pod install' or update your CocoaPods installation.\" >&2\n    exit 1\nfi\n# This output is used by Xcode 'outputs' to avoid re-running this script phase.\necho \"SUCCESS\" > \"${SCRIPT_OUTPUT_FILE_0}\"\n";
			showEnvVarsInLog = 0;
		};
/* End PBXShellScriptBuildPhase section */

/* Begin PBXSourcesBuildPhase section */
		C73F12F123C77928009853E4 /* Sources */ = {
			isa = PBXSourcesBuildPhase;
			buildActionMask = 2147483647;
			files = (
				C7C5DAF123D18D3F003A2AE8 /* Observable+Ext.swift in Sources */,
				C74F0A1023D031C700A59CED /* ViewModelType.swift in Sources */,
				C74F0A0D23D0148E00A59CED /* ListViewModel.swift in Sources */,
				C7C5DAEB23D0D376003A2AE8 /* SVProgressHUD+Ext.swift in Sources */,
				C769258D23CC974A005EE862 /* LoginViewController.swift in Sources */,
				C7C5DAED23D0EA09003A2AE8 /* ViewController.swift in Sources */,
				C73F12FD23C77928009853E4 /* ListViewController.swift in Sources */,
				C7820A4E23C8982900982B9C /* PostModel.swift in Sources */,
				C7630AB123D0BD7B00779FE4 /* ListNavigator.swift in Sources */,
				C7C5DAEF23D0EA3C003A2AE8 /* ViewModel.swift in Sources */,
				C73F12F923C77928009853E4 /* AppDelegate.swift in Sources */,
				C73F12FB23C77928009853E4 /* SceneDelegate.swift in Sources */,
				C769258A23CC93E1005EE862 /* User.swift in Sources */,
				C769258823CC9331005EE862 /* AuthModel.swift in Sources */,
				C7287B3F23C8A19900D8B937 /* ActivityIndicator.swift in Sources */,
				C7820A4B23C896A600982B9C /* Post.swift in Sources */,
			);
			runOnlyForDeploymentPostprocessing = 0;
		};
		C73F130723C7792A009853E4 /* Sources */ = {
			isa = PBXSourcesBuildPhase;
			buildActionMask = 2147483647;
			files = (
				C73F131023C7792A009853E4 /* RxTodoAppTests.swift in Sources */,
			);
			runOnlyForDeploymentPostprocessing = 0;
		};
		C73F131223C7792A009853E4 /* Sources */ = {
			isa = PBXSourcesBuildPhase;
			buildActionMask = 2147483647;
			files = (
				C73F131B23C7792A009853E4 /* RxTodoAppUITests.swift in Sources */,
			);
			runOnlyForDeploymentPostprocessing = 0;
		};
/* End PBXSourcesBuildPhase section */

/* Begin PBXTargetDependency section */
		C73F130D23C7792A009853E4 /* PBXTargetDependency */ = {
			isa = PBXTargetDependency;
			target = C73F12F423C77928009853E4 /* RxTodoApp */;
			targetProxy = C73F130C23C7792A009853E4 /* PBXContainerItemProxy */;
		};
		C73F131823C7792A009853E4 /* PBXTargetDependency */ = {
			isa = PBXTargetDependency;
			target = C73F12F423C77928009853E4 /* RxTodoApp */;
			targetProxy = C73F131723C7792A009853E4 /* PBXContainerItemProxy */;
		};
/* End PBXTargetDependency section */

/* Begin PBXVariantGroup section */
		C73F12FE23C77928009853E4 /* Main.storyboard */ = {
			isa = PBXVariantGroup;
			children = (
				C73F12FF23C77928009853E4 /* Base */,
			);
			name = Main.storyboard;
			sourceTree = "<group>";
		};
		C73F130323C7792A009853E4 /* LaunchScreen.storyboard */ = {
			isa = PBXVariantGroup;
			children = (
				C73F130423C7792A009853E4 /* Base */,
			);
			name = LaunchScreen.storyboard;
			sourceTree = "<group>";
		};
/* End PBXVariantGroup section */

/* Begin XCBuildConfiguration section */
		C73F131D23C7792A009853E4 /* Debug */ = {
			isa = XCBuildConfiguration;
			buildSettings = {
				ALWAYS_SEARCH_USER_PATHS = NO;
				CLANG_ANALYZER_NONNULL = YES;
				CLANG_ANALYZER_NUMBER_OBJECT_CONVERSION = YES_AGGRESSIVE;
				CLANG_CXX_LANGUAGE_STANDARD = "gnu++14";
				CLANG_CXX_LIBRARY = "libc++";
				CLANG_ENABLE_MODULES = YES;
				CLANG_ENABLE_OBJC_ARC = YES;
				CLANG_ENABLE_OBJC_WEAK = YES;
				CLANG_WARN_BLOCK_CAPTURE_AUTORELEASING = YES;
				CLANG_WARN_BOOL_CONVERSION = YES;
				CLANG_WARN_COMMA = YES;
				CLANG_WARN_CONSTANT_CONVERSION = YES;
				CLANG_WARN_DEPRECATED_OBJC_IMPLEMENTATIONS = YES;
				CLANG_WARN_DIRECT_OBJC_ISA_USAGE = YES_ERROR;
				CLANG_WARN_DOCUMENTATION_COMMENTS = YES;
				CLANG_WARN_EMPTY_BODY = YES;
				CLANG_WARN_ENUM_CONVERSION = YES;
				CLANG_WARN_INFINITE_RECURSION = YES;
				CLANG_WARN_INT_CONVERSION = YES;
				CLANG_WARN_NON_LITERAL_NULL_CONVERSION = YES;
				CLANG_WARN_OBJC_IMPLICIT_RETAIN_SELF = YES;
				CLANG_WARN_OBJC_LITERAL_CONVERSION = YES;
				CLANG_WARN_OBJC_ROOT_CLASS = YES_ERROR;
				CLANG_WARN_RANGE_LOOP_ANALYSIS = YES;
				CLANG_WARN_STRICT_PROTOTYPES = YES;
				CLANG_WARN_SUSPICIOUS_MOVE = YES;
				CLANG_WARN_UNGUARDED_AVAILABILITY = YES_AGGRESSIVE;
				CLANG_WARN_UNREACHABLE_CODE = YES;
				CLANG_WARN__DUPLICATE_METHOD_MATCH = YES;
				COPY_PHASE_STRIP = NO;
				DEBUG_INFORMATION_FORMAT = dwarf;
				ENABLE_STRICT_OBJC_MSGSEND = YES;
				ENABLE_TESTABILITY = YES;
				GCC_C_LANGUAGE_STANDARD = gnu11;
				GCC_DYNAMIC_NO_PIC = NO;
				GCC_NO_COMMON_BLOCKS = YES;
				GCC_OPTIMIZATION_LEVEL = 0;
				GCC_PREPROCESSOR_DEFINITIONS = (
					"DEBUG=1",
					"$(inherited)",
				);
				GCC_WARN_64_TO_32_BIT_CONVERSION = YES;
				GCC_WARN_ABOUT_RETURN_TYPE = YES_ERROR;
				GCC_WARN_UNDECLARED_SELECTOR = YES;
				GCC_WARN_UNINITIALIZED_AUTOS = YES_AGGRESSIVE;
				GCC_WARN_UNUSED_FUNCTION = YES;
				GCC_WARN_UNUSED_VARIABLE = YES;
				IPHONEOS_DEPLOYMENT_TARGET = 13.2;
				MTL_ENABLE_DEBUG_INFO = INCLUDE_SOURCE;
				MTL_FAST_MATH = YES;
				ONLY_ACTIVE_ARCH = YES;
				SDKROOT = iphoneos;
				SWIFT_ACTIVE_COMPILATION_CONDITIONS = DEBUG;
				SWIFT_OPTIMIZATION_LEVEL = "-Onone";
			};
			name = Debug;
		};
		C73F131E23C7792A009853E4 /* Release */ = {
			isa = XCBuildConfiguration;
			buildSettings = {
				ALWAYS_SEARCH_USER_PATHS = NO;
				CLANG_ANALYZER_NONNULL = YES;
				CLANG_ANALYZER_NUMBER_OBJECT_CONVERSION = YES_AGGRESSIVE;
				CLANG_CXX_LANGUAGE_STANDARD = "gnu++14";
				CLANG_CXX_LIBRARY = "libc++";
				CLANG_ENABLE_MODULES = YES;
				CLANG_ENABLE_OBJC_ARC = YES;
				CLANG_ENABLE_OBJC_WEAK = YES;
				CLANG_WARN_BLOCK_CAPTURE_AUTORELEASING = YES;
				CLANG_WARN_BOOL_CONVERSION = YES;
				CLANG_WARN_COMMA = YES;
				CLANG_WARN_CONSTANT_CONVERSION = YES;
				CLANG_WARN_DEPRECATED_OBJC_IMPLEMENTATIONS = YES;
				CLANG_WARN_DIRECT_OBJC_ISA_USAGE = YES_ERROR;
				CLANG_WARN_DOCUMENTATION_COMMENTS = YES;
				CLANG_WARN_EMPTY_BODY = YES;
				CLANG_WARN_ENUM_CONVERSION = YES;
				CLANG_WARN_INFINITE_RECURSION = YES;
				CLANG_WARN_INT_CONVERSION = YES;
				CLANG_WARN_NON_LITERAL_NULL_CONVERSION = YES;
				CLANG_WARN_OBJC_IMPLICIT_RETAIN_SELF = YES;
				CLANG_WARN_OBJC_LITERAL_CONVERSION = YES;
				CLANG_WARN_OBJC_ROOT_CLASS = YES_ERROR;
				CLANG_WARN_RANGE_LOOP_ANALYSIS = YES;
				CLANG_WARN_STRICT_PROTOTYPES = YES;
				CLANG_WARN_SUSPICIOUS_MOVE = YES;
				CLANG_WARN_UNGUARDED_AVAILABILITY = YES_AGGRESSIVE;
				CLANG_WARN_UNREACHABLE_CODE = YES;
				CLANG_WARN__DUPLICATE_METHOD_MATCH = YES;
				COPY_PHASE_STRIP = NO;
				DEBUG_INFORMATION_FORMAT = "dwarf-with-dsym";
				ENABLE_NS_ASSERTIONS = NO;
				ENABLE_STRICT_OBJC_MSGSEND = YES;
				GCC_C_LANGUAGE_STANDARD = gnu11;
				GCC_NO_COMMON_BLOCKS = YES;
				GCC_WARN_64_TO_32_BIT_CONVERSION = YES;
				GCC_WARN_ABOUT_RETURN_TYPE = YES_ERROR;
				GCC_WARN_UNDECLARED_SELECTOR = YES;
				GCC_WARN_UNINITIALIZED_AUTOS = YES_AGGRESSIVE;
				GCC_WARN_UNUSED_FUNCTION = YES;
				GCC_WARN_UNUSED_VARIABLE = YES;
				IPHONEOS_DEPLOYMENT_TARGET = 13.2;
				MTL_ENABLE_DEBUG_INFO = NO;
				MTL_FAST_MATH = YES;
				SDKROOT = iphoneos;
				SWIFT_COMPILATION_MODE = wholemodule;
				SWIFT_OPTIMIZATION_LEVEL = "-O";
				VALIDATE_PRODUCT = YES;
			};
			name = Release;
		};
		C73F132023C7792A009853E4 /* Debug */ = {
			isa = XCBuildConfiguration;
			baseConfigurationReference = D0BA77BBF5C69F8211E44985 /* Pods-RxTodoApp.debug.xcconfig */;
			buildSettings = {
				ASSETCATALOG_COMPILER_APPICON_NAME = AppIcon;
				CODE_SIGN_STYLE = Automatic;
				DEVELOPMENT_TEAM = YFYG54KA39;
				INFOPLIST_FILE = RxTodoApp/Info.plist;
				LD_RUNPATH_SEARCH_PATHS = (
					"$(inherited)",
					"@executable_path/Frameworks",
				);
				PRODUCT_BUNDLE_IDENTIFIER = Teru.inc.RxTodoApp;
				PRODUCT_NAME = "$(TARGET_NAME)";
				SWIFT_VERSION = 5.0;
				TARGETED_DEVICE_FAMILY = "1,2";
			};
			name = Debug;
		};
		C73F132123C7792A009853E4 /* Release */ = {
			isa = XCBuildConfiguration;
			baseConfigurationReference = B310E27B95AB04CF9DD6F2C2 /* Pods-RxTodoApp.release.xcconfig */;
			buildSettings = {
				ASSETCATALOG_COMPILER_APPICON_NAME = AppIcon;
				CODE_SIGN_STYLE = Automatic;
				DEVELOPMENT_TEAM = YFYG54KA39;
				INFOPLIST_FILE = RxTodoApp/Info.plist;
				LD_RUNPATH_SEARCH_PATHS = (
					"$(inherited)",
					"@executable_path/Frameworks",
				);
				PRODUCT_BUNDLE_IDENTIFIER = Teru.inc.RxTodoApp;
				PRODUCT_NAME = "$(TARGET_NAME)";
				SWIFT_VERSION = 5.0;
				TARGETED_DEVICE_FAMILY = "1,2";
			};
			name = Release;
		};
		C73F132323C7792A009853E4 /* Debug */ = {
			isa = XCBuildConfiguration;
			baseConfigurationReference = 1C79168E62369F92559ADD5D /* Pods-RxTodoAppTests.debug.xcconfig */;
			buildSettings = {
				ALWAYS_EMBED_SWIFT_STANDARD_LIBRARIES = YES;
				BUNDLE_LOADER = "$(TEST_HOST)";
				CODE_SIGN_STYLE = Automatic;
				DEVELOPMENT_TEAM = YFYG54KA39;
				INFOPLIST_FILE = RxTodoAppTests/Info.plist;
				IPHONEOS_DEPLOYMENT_TARGET = 13.2;
				LD_RUNPATH_SEARCH_PATHS = (
					"$(inherited)",
					"@executable_path/Frameworks",
					"@loader_path/Frameworks",
				);
				PRODUCT_BUNDLE_IDENTIFIER = Teru.inc.RxTodoAppTests;
				PRODUCT_NAME = "$(TARGET_NAME)";
				SWIFT_VERSION = 5.0;
				TARGETED_DEVICE_FAMILY = "1,2";
				TEST_HOST = "$(BUILT_PRODUCTS_DIR)/RxTodoApp.app/RxTodoApp";
			};
			name = Debug;
		};
		C73F132423C7792A009853E4 /* Release */ = {
			isa = XCBuildConfiguration;
			baseConfigurationReference = F359A651C3273094F70D0D33 /* Pods-RxTodoAppTests.release.xcconfig */;
			buildSettings = {
				ALWAYS_EMBED_SWIFT_STANDARD_LIBRARIES = YES;
				BUNDLE_LOADER = "$(TEST_HOST)";
				CODE_SIGN_STYLE = Automatic;
				DEVELOPMENT_TEAM = YFYG54KA39;
				INFOPLIST_FILE = RxTodoAppTests/Info.plist;
				IPHONEOS_DEPLOYMENT_TARGET = 13.2;
				LD_RUNPATH_SEARCH_PATHS = (
					"$(inherited)",
					"@executable_path/Frameworks",
					"@loader_path/Frameworks",
				);
				PRODUCT_BUNDLE_IDENTIFIER = Teru.inc.RxTodoAppTests;
				PRODUCT_NAME = "$(TARGET_NAME)";
				SWIFT_VERSION = 5.0;
				TARGETED_DEVICE_FAMILY = "1,2";
				TEST_HOST = "$(BUILT_PRODUCTS_DIR)/RxTodoApp.app/RxTodoApp";
			};
			name = Release;
		};
		C73F132623C7792A009853E4 /* Debug */ = {
			isa = XCBuildConfiguration;
			baseConfigurationReference = D17841D8E4D0B21AB5FF50AB /* Pods-RxTodoApp-RxTodoAppUITests.debug.xcconfig */;
			buildSettings = {
				ALWAYS_EMBED_SWIFT_STANDARD_LIBRARIES = YES;
				CODE_SIGN_STYLE = Automatic;
				DEVELOPMENT_TEAM = YFYG54KA39;
				INFOPLIST_FILE = RxTodoAppUITests/Info.plist;
				LD_RUNPATH_SEARCH_PATHS = (
					"$(inherited)",
					"@executable_path/Frameworks",
					"@loader_path/Frameworks",
				);
				PRODUCT_BUNDLE_IDENTIFIER = Teru.inc.RxTodoAppUITests;
				PRODUCT_NAME = "$(TARGET_NAME)";
				SWIFT_VERSION = 5.0;
				TARGETED_DEVICE_FAMILY = "1,2";
				TEST_TARGET_NAME = RxTodoApp;
			};
			name = Debug;
		};
		C73F132723C7792A009853E4 /* Release */ = {
			isa = XCBuildConfiguration;
			baseConfigurationReference = DF3C49867752FFC6CABEBC60 /* Pods-RxTodoApp-RxTodoAppUITests.release.xcconfig */;
			buildSettings = {
				ALWAYS_EMBED_SWIFT_STANDARD_LIBRARIES = YES;
				CODE_SIGN_STYLE = Automatic;
				DEVELOPMENT_TEAM = YFYG54KA39;
				INFOPLIST_FILE = RxTodoAppUITests/Info.plist;
				LD_RUNPATH_SEARCH_PATHS = (
					"$(inherited)",
					"@executable_path/Frameworks",
					"@loader_path/Frameworks",
				);
				PRODUCT_BUNDLE_IDENTIFIER = Teru.inc.RxTodoAppUITests;
				PRODUCT_NAME = "$(TARGET_NAME)";
				SWIFT_VERSION = 5.0;
				TARGETED_DEVICE_FAMILY = "1,2";
				TEST_TARGET_NAME = RxTodoApp;
			};
			name = Release;
		};
/* End XCBuildConfiguration section */

/* Begin XCConfigurationList section */
		C73F12F023C77928009853E4 /* Build configuration list for PBXProject "RxTodoApp" */ = {
			isa = XCConfigurationList;
			buildConfigurations = (
				C73F131D23C7792A009853E4 /* Debug */,
				C73F131E23C7792A009853E4 /* Release */,
			);
			defaultConfigurationIsVisible = 0;
			defaultConfigurationName = Release;
		};
		C73F131F23C7792A009853E4 /* Build configuration list for PBXNativeTarget "RxTodoApp" */ = {
			isa = XCConfigurationList;
			buildConfigurations = (
				C73F132023C7792A009853E4 /* Debug */,
				C73F132123C7792A009853E4 /* Release */,
			);
			defaultConfigurationIsVisible = 0;
			defaultConfigurationName = Release;
		};
		C73F132223C7792A009853E4 /* Build configuration list for PBXNativeTarget "RxTodoAppTests" */ = {
			isa = XCConfigurationList;
			buildConfigurations = (
				C73F132323C7792A009853E4 /* Debug */,
				C73F132423C7792A009853E4 /* Release */,
			);
			defaultConfigurationIsVisible = 0;
			defaultConfigurationName = Release;
		};
		C73F132523C7792A009853E4 /* Build configuration list for PBXNativeTarget "RxTodoAppUITests" */ = {
			isa = XCConfigurationList;
			buildConfigurations = (
				C73F132623C7792A009853E4 /* Debug */,
				C73F132723C7792A009853E4 /* Release */,
			);
			defaultConfigurationIsVisible = 0;
			defaultConfigurationName = Release;
		};
/* End XCConfigurationList section */
	};
	rootObject = C73F12ED23C77928009853E4 /* Project object */;
}
